
Microsoft Visual Studio Solution File, Format Version 12.00
# Visual Studio Version 17
Project("{2150E333-8FDC-42A3-9474-1A3956D46DE8}") = "Core", "Core", "{15A0C35D-0158-05AB-6A5F-DE065636A09B}"
EndProject
Project("{8BC9CEB8-8B4A-11D0-8D11-00A0C91BC942}") = "Core", "Core\Core\Core.vcxproj", "{2EB4837C-1AEB-840D-C3D7-6A10AFED000F}"
EndProject
Project("{8BC9CEB8-8B4A-11D0-8D11-00A0C91BC942}") = "Logger", "Core\Logger\Logger.vcxproj", "{25F339C1-1195-6497-FA4F-78EBE690EBE7}"
EndProject
Project("{8BC9CEB8-8B4A-11D0-8D11-00A0C91BC942}") = "Unitest", "Core\Unitest\Unitest.vcxproj", "{71A41A9B-DD83-9936-E69B-240D52FAFF97}"
EndProject
Project("{2150E333-8FDC-42A3-9474-1A3956D46DE8}") = "Engine", "Engine", "{8249BEE1-6EAC-4D86-1732-863C03741909}"
EndProject
Project("{8BC9CEB8-8B4A-11D0-8D11-00A0C91BC942}") = "VmEditor", "Engine\VmEditor\VmEditor.vcxproj", "{8FC19D48-7B8E-F853-A4A7-E6FB90D32DE2}"
EndProject
Project("{8BC9CEB8-8B4A-11D0-8D11-00A0C91BC942}") = "VortexMakerEngine", "Engine\VortexMakerEngine\VortexMakerEngine.vcxproj", "{13C63764-7FDC-35FA-C853-C11B34A90682}"
EndProject
Project("{2150E333-8FDC-42A3-9474-1A3956D46DE8}") = "Tests", "Tests", "{1FCE6517-8B83-DE0C-1478-D8E3802CD510}"
EndProject
Project("{8BC9CEB8-8B4A-11D0-8D11-00A0C91BC942}") = "TestUnitest", "Tests\TestUnitest\TestUnitest.vcxproj", "{B1C3163F-1D79-8F34-A66D-890B12228638}"
EndProject
Global
	GlobalSection(SolutionConfigurationPlatforms) = preSolution
		Debug|x64 = Debug|x64
		Release|x64 = Release|x64
	EndGlobalSection
	GlobalSection(ProjectConfigurationPlatforms) = postSolution
		{2EB4837C-1AEB-840D-C3D7-6A10AFED000F}.Debug|x64.ActiveCfg = Debug|x64
		{2EB4837C-1AEB-840D-C3D7-6A10AFED000F}.Debug|x64.Build.0 = Debug|x64
		{2EB4837C-1AEB-840D-C3D7-6A10AFED000F}.Release|x64.ActiveCfg = Release|x64
		{2EB4837C-1AEB-840D-C3D7-6A10AFED000F}.Release|x64.Build.0 = Release|x64
		{25F339C1-1195-6497-FA4F-78EBE690EBE7}.Debug|x64.ActiveCfg = Debug|x64
		{25F339C1-1195-6497-FA4F-78EBE690EBE7}.Debug|x64.Build.0 = Debug|x64
		{25F339C1-1195-6497-FA4F-78EBE690EBE7}.Release|x64.ActiveCfg = Release|x64
		{25F339C1-1195-6497-FA4F-78EBE690EBE7}.Release|x64.Build.0 = Release|x64
		{71A41A9B-DD83-9936-E69B-240D52FAFF97}.Debug|x64.ActiveCfg = Debug|x64
		{71A41A9B-DD83-9936-E69B-240D52FAFF97}.Debug|x64.Build.0 = Debug|x64
		{71A41A9B-DD83-9936-E69B-240D52FAFF97}.Release|x64.ActiveCfg = Release|x64
		{71A41A9B-DD83-9936-E69B-240D52FAFF97}.Release|x64.Build.0 = Release|x64
		{8FC19D48-7B8E-F853-A4A7-E6FB90D32DE2}.Debug|x64.ActiveCfg = Debug|x64
		{8FC19D48-7B8E-F853-A4A7-E6FB90D32DE2}.Debug|x64.Build.0 = Debug|x64
		{8FC19D48-7B8E-F853-A4A7-E6FB90D32DE2}.Release|x64.ActiveCfg = Release|x64
		{8FC19D48-7B8E-F853-A4A7-E6FB90D32DE2}.Release|x64.Build.0 = Release|x64
		{13C63764-7FDC-35FA-C853-C11B34A90682}.Debug|x64.ActiveCfg = Debug|x64
		{13C63764-7FDC-35FA-C853-C11B34A90682}.Debug|x64.Build.0 = Debug|x64
		{13C63764-7FDC-35FA-C853-C11B34A90682}.Release|x64.ActiveCfg = Release|x64
		{13C63764-7FDC-35FA-C853-C11B34A90682}.Release|x64.Build.0 = Release|x64
		{B1C3163F-1D79-8F34-A66D-890B12228638}.Debug|x64.ActiveCfg = Debug|x64
		{B1C3163F-1D79-8F34-A66D-890B12228638}.Debug|x64.Build.0 = Debug|x64
		{B1C3163F-1D79-8F34-A66D-890B12228638}.Release|x64.ActiveCfg = Release|x64
		{B1C3163F-1D79-8F34-A66D-890B12228638}.Release|x64.Build.0 = Release|x64
	EndGlobalSection
	GlobalSection(SolutionProperties) = preSolution
		HideSolutionNode = FALSE
	EndGlobalSection
	GlobalSection(NestedProjects) = preSolution
		{2EB4837C-1AEB-840D-C3D7-6A10AFED000F} = {15A0C35D-0158-05AB-6A5F-DE065636A09B}
		{25F339C1-1195-6497-FA4F-78EBE690EBE7} = {15A0C35D-0158-05AB-6A5F-DE065636A09B}
		{71A41A9B-DD83-9936-E69B-240D52FAFF97} = {15A0C35D-0158-05AB-6A5F-DE065636A09B}
		{8FC19D48-7B8E-F853-A4A7-E6FB90D32DE2} = {8249BEE1-6EAC-4D86-1732-863C03741909}
		{13C63764-7FDC-35FA-C853-C11B34A90682} = {8249BEE1-6EAC-4D86-1732-863C03741909}
		{B1C3163F-1D79-8F34-A66D-890B12228638} = {1FCE6517-8B83-DE0C-1478-D8E3802CD510}
	EndGlobalSection
EndGlobal
